<?xml version="1.0" encoding="utf-8"?>
<Project ToolsVersion="4.0" xmlns="http://schemas.microsoft.com/developer/msbuild/2003">
  <ItemGroup>
    <ClCompile Include="Framework\Application.cpp">
      <Filter>Src</Filter>
    </ClCompile>
    <ClCompile Include="Framework\CommandQueue.cpp">
      <Filter>Src</Filter>
    </ClCompile>
    <ClCompile Include="Framework\DescriptorAllocation.cpp">
      <Filter>Src</Filter>
    </ClCompile>
    <ClCompile Include="Framework\DescriptorAllocator.cpp">
      <Filter>Src</Filter>
    </ClCompile>
    <ClCompile Include="Framework\DescriptorAllocatorPage.cpp">
      <Filter>Src</Filter>
    </ClCompile>
    <ClCompile Include="Framework\Game.cpp">
      <Filter>Src</Filter>
    </ClCompile>
    <ClCompile Include="Framework\Window.cpp">
      <Filter>Src</Filter>
    </ClCompile>
    <ClCompile Include="Framework\Material\IndexBuffer.cpp">
      <Filter>Src\Material</Filter>
    </ClCompile>
    <ClCompile Include="Framework\Material\Mesh.cpp">
      <Filter>Src\Material</Filter>
    </ClCompile>
    <ClCompile Include="Framework\Material\Texture.cpp">
      <Filter>Src\Material</Filter>
    </ClCompile>
    <ClCompile Include="Framework\Material\VertexBuffer.cpp">
      <Filter>Src\Material</Filter>
    </ClCompile>
    <ClCompile Include="Framework\Material\Buffer.cpp">
      <Filter>Src\Material</Filter>
    </ClCompile>
    <ClCompile Include="Framework\Material\Resource.cpp">
      <Filter>Src\Material</Filter>
    </ClCompile>
    <ClCompile Include="Framework\CommandList.cpp">
      <Filter>Src</Filter>
    </ClCompile>
    <ClCompile Include="Framework\ResourceStateTracker.cpp">
      <Filter>Src</Filter>
    </ClCompile>
    <ClCompile Include="Framework\Material\UploadBuffer.cpp">
      <Filter>Src\Material</Filter>
    </ClCompile>
    <ClCompile Include="Framework\Material\ByteAddressBuffer.cpp">
      <Filter>Src\Material</Filter>
    </ClCompile>
    <ClCompile Include="Framework\Material\ConstantBuffer.cpp">
      <Filter>Src\Material</Filter>
    </ClCompile>
    <ClCompile Include="Framework\Material\StructuredBuffer.cpp">
      <Filter>Src\Material</Filter>
    </ClCompile>
    <ClCompile Include="Framework\Material\RenderTarget.cpp">
      <Filter>Src\Material</Filter>
    </ClCompile>
    <ClCompile Include="Framework\DynamicDescriptorHeap.cpp">
      <Filter>Src</Filter>
    </ClCompile>
    <ClCompile Include="Framework\RootSignature.cpp">
      <Filter>Src</Filter>
    </ClCompile>
    <ClCompile Include="Framework\PSOs\GenerateMipsPSO.cpp">
      <Filter>Src\PSOs</Filter>
    </ClCompile>
    <ClCompile Include="Framework\PSOs\PanoToCubemapPSO.cpp">
      <Filter>Src\PSOs</Filter>
    </ClCompile>
    <ClCompile Include="Framework\3RD_Party\IMGUI\imgui.cpp">
      <Filter>Src\3RD_Party\IMGUI</Filter>
    </ClCompile>
    <ClCompile Include="Framework\3RD_Party\IMGUI\imgui_demo.cpp">
      <Filter>Src\3RD_Party\IMGUI</Filter>
    </ClCompile>
    <ClCompile Include="Framework\3RD_Party\IMGUI\imgui_draw.cpp">
      <Filter>Src\3RD_Party\IMGUI</Filter>
    </ClCompile>
    <ClCompile Include="Framework\3RD_Party\IMGUI\imgui_impl_win32.cpp">
      <Filter>Src\3RD_Party\IMGUI</Filter>
    </ClCompile>
    <ClCompile Include="Framework\3RD_Party\IMGUI\imgui_widgets.cpp">
      <Filter>Src\3RD_Party\IMGUI</Filter>
    </ClCompile>
    <ClCompile Include="Framework\3RD_Party\Timer\HighResolutionClock.cpp">
      <Filter>Src\3RD_Party\Timer</Filter>
    </ClCompile>
  </ItemGroup>
  <ItemGroup>
    <ClInclude Include="Framework\Application.h">
      <Filter>Src</Filter>
    </ClInclude>
    <ClInclude Include="Framework\CommandQueue.h">
      <Filter>Src</Filter>
    </ClInclude>
    <ClInclude Include="Framework\DescriptorAllocation.h">
      <Filter>Src</Filter>
    </ClInclude>
    <ClInclude Include="Framework\DescriptorAllocator.h">
      <Filter>Src</Filter>
    </ClInclude>
    <ClInclude Include="Framework\DescriptorAllocatorPage.h">
      <Filter>Src</Filter>
    </ClInclude>
    <ClInclude Include="Framework\Game.h">
      <Filter>Src</Filter>
    </ClInclude>
    <ClInclude Include="Framework\Events\KeyCodes.h">
      <Filter>Src</Filter>
    </ClInclude>
    <ClInclude Include="Framework\Window.h">
      <Filter>Src</Filter>
    </ClInclude>
    <ClInclude Include="Framework\Events\Events.h">
      <Filter>Src\Events</Filter>
    </ClInclude>
    <ClInclude Include="Framework\Material\IndexBuffer.h">
      <Filter>Src\Material</Filter>
    </ClInclude>
    <ClInclude Include="Framework\Material\Mesh.h">
      <Filter>Src\Material</Filter>
    </ClInclude>
    <ClInclude Include="Framework\Material\Texture.h">
      <Filter>Src\Material</Filter>
    </ClInclude>
    <ClInclude Include="Framework\Material\VertexBuffer.h">
      <Filter>Src\Material</Filter>
    </ClInclude>
    <ClInclude Include="Framework\Material\Buffer.h">
      <Filter>Src\Material</Filter>
    </ClInclude>
    <ClInclude Include="Framework\Material\Resource.h">
      <Filter>Src\Material</Filter>
    </ClInclude>
    <ClInclude Include="Framework\CommandList.h">
      <Filter>Src</Filter>
    </ClInclude>
    <ClInclude Include="Framework\Material\TextureUsage.h">
      <Filter>Src\Material</Filter>
    </ClInclude>
    <ClInclude Include="Framework\ResourceStateTracker.h">
      <Filter>Src</Filter>
    </ClInclude>
    <ClInclude Include="Framework\Material\ByteAddressBuffer.h">
      <Filter>Src\Material</Filter>
    </ClInclude>
    <ClInclude Include="Framework\Material\ConstantBuffer.h">
      <Filter>Src\Material</Filter>
    </ClInclude>
    <ClInclude Include="Framework\Material\StructuredBuffer.h">
      <Filter>Src\Material</Filter>
    </ClInclude>
    <ClInclude Include="Framework\Material\UploadBuffer.h">
      <Filter>Src\Material</Filter>
    </ClInclude>
    <ClInclude Include="Framework\Material\RenderTarget.h">
      <Filter>Src\Material</Filter>
    </ClInclude>
    <ClInclude Include="Framework\DynamicDescriptorHeap.h">
      <Filter>Src</Filter>
    </ClInclude>
    <ClInclude Include="Framework\RootSignature.h">
      <Filter>Src</Filter>
    </ClInclude>
    <ClInclude Include="Framework\PSOs\GenerateMipsPSO.h">
      <Filter>Src\PSOs</Filter>
    </ClInclude>
    <ClInclude Include="Framework\PSOs\PanoToCubemapPSO.h">
      <Filter>Src\PSOs</Filter>
    </ClInclude>
    <ClInclude Include="Framework\3RD_Party\D3D\d3dx12.h">
      <Filter>Src\3RD_Party\D3D</Filter>
    </ClInclude>
    <ClInclude Include="Framework\3RD_Party\IMGUI\imconfig.h">
      <Filter>Src\3RD_Party\IMGUI</Filter>
    </ClInclude>
    <ClInclude Include="Framework\3RD_Party\IMGUI\imgui.h">
      <Filter>Src\3RD_Party\IMGUI</Filter>
    </ClInclude>
    <ClInclude Include="Framework\3RD_Party\IMGUI\imgui_impl_win32.h">
      <Filter>Src\3RD_Party\IMGUI</Filter>
    </ClInclude>
    <ClInclude Include="Framework\3RD_Party\IMGUI\imgui_internal.h">
      <Filter>Src\3RD_Party\IMGUI</Filter>
    </ClInclude>
    <ClInclude Include="Framework\3RD_Party\IMGUI\imstb_rectpack.h">
      <Filter>Src\3RD_Party\IMGUI</Filter>
    </ClInclude>
    <ClInclude Include="Framework\3RD_Party\IMGUI\imstb_textedit.h">
      <Filter>Src\3RD_Party\IMGUI</Filter>
    </ClInclude>
    <ClInclude Include="Framework\3RD_Party\IMGUI\imstb_truetype.h">
      <Filter>Src\3RD_Party\IMGUI</Filter>
    </ClInclude>
    <ClInclude Include="Framework\3RD_Party\Timer\HighResolutionClock.h">
      <Filter>Src\3RD_Party\Timer</Filter>
    </ClInclude>
    <ClInclude Include="Framework\3RD_Party\Threading\ThreadSafeQueue.h">
      <Filter>Src\3RD_Party\Threading</Filter>
    </ClInclude>
    <ClInclude Include="Framework\3RD_Party\Defines.h">
      <Filter>Src\3RD_Party</Filter>
    </ClInclude>
    <ClInclude Include="Framework\3RD_Party\Helpers.h">
      <Filter>Src\3RD_Party</Filter>
    </ClInclude>
  </ItemGroup>
  <ItemGroup>
    <Filter Include="Src">
      <UniqueIdentifier>{7f6fc734-4921-4bb3-bf83-6e5791bb4234}</UniqueIdentifier>
    </Filter>
    <Filter Include="Src\Events">
      <UniqueIdentifier>{59b686c3-663d-4a9e-9de8-38511c769120}</UniqueIdentifier>
    </Filter>
    <Filter Include="Src\Material">
      <UniqueIdentifier>{812ee144-1c5a-4fb5-b93f-4975743f1e10}</UniqueIdentifier>
    </Filter>
    <Filter Include="Src\PSOs">
      <UniqueIdentifier>{5c84f5b2-4d6a-471d-91cb-4283fb15730a}</UniqueIdentifier>
    </Filter>
    <Filter Include="Src\Shaders">
      <UniqueIdentifier>{09e57aad-85e5-4d9a-ad83-77b7c45dae5f}</UniqueIdentifier>
    </Filter>
    <Filter Include="Src\3RD_Party">
      <UniqueIdentifier>{99611423-4dd3-410f-a251-6589a34ee26e}</UniqueIdentifier>
    </Filter>
    <Filter Include="Src\3RD_Party\D3D">
      <UniqueIdentifier>{fc13fb34-d3a4-42c4-adf3-ae09896585f6}</UniqueIdentifier>
    </Filter>
    <Filter Include="Src\3RD_Party\IMGUI">
      <UniqueIdentifier>{4e9a97b5-3fbb-4916-8733-5efeef19a208}</UniqueIdentifier>
    </Filter>
    <Filter Include="Src\3RD_Party\Threading">
      <UniqueIdentifier>{638457b0-c994-4932-a8a7-847fd68ea5d9}</UniqueIdentifier>
    </Filter>
    <Filter Include="Src\3RD_Party\Timer">
      <UniqueIdentifier>{fcfe6cf2-ca52-456f-9bde-be84c475c843}</UniqueIdentifier>
    </Filter>
  </ItemGroup>
  <ItemGroup>
    <FxCompile Include="Framework\Shaders\GenerateMips_CS.hlsl">
      <Filter>Src\Shaders</Filter>
    </FxCompile>
    <FxCompile Include="Framework\Shaders\ImGUI_PS.hlsl">
      <Filter>Src\Shaders</Filter>
    </FxCompile>
    <FxCompile Include="Framework\Shaders\ImGUI_VS.hlsl">
      <Filter>Src\Shaders</Filter>
    </FxCompile>
    <FxCompile Include="Framework\Shaders\PanoToCubemap_CS.hlsl">
      <Filter>Src\Shaders</Filter>
    </FxCompile>
  </ItemGroup>
</Project>