Microsoft Visual Studio Solution File, Format Version 12.00
# Visual Studio Version 17
VisualStudioVersion = 17.10.35013.160
MinimumVisualStudioVersion = 10.0.40219.1
Project("{2150E333-8FDC-42A3-9474-1A3956D46DE8}") = "Samples", "Samples", "{9E23556B-A805-412F-A4DC-04F8C80A233A}"
EndProject
Project("{2150E333-8FDC-42A3-9474-1A3956D46DE8}") = "SImple_Framework", "SImple_Framework", "{2D907E40-E309-44FC-BD2E-1F95C7DA1305}"
EndProject
Project("{2150E333-8FDC-42A3-9474-1A3956D46DE8}") = "Full_Framework", "Full_Framework", "{B89BA7C3-47EE-48A8-898E-375D0BBB4F29}"
EndProject
Project("{8BC9CEB8-8B4A-11D0-8D11-00A0C91BC942}") = "00_Cube", "Samples\Simple_Framework\00_Cube\00_Cube.vcxproj", "{5B93379B-2ECC-4435-8C76-860CA5BC82E6}"
EndProject
Project("{8BC9CEB8-8B4A-11D0-8D11-00A0C91BC942}") = "00_Cube__DescHeap_DecAllocator_StateTrack", "Samples\Full_Framework\00_Cube__DescHeap_DecAllocator_StateTrack\00_Cube__DescHeap_DecAllocator_StateTrack.vcxproj", "{75718DCF-30D0-4C49-9956-7E3D4F9FE318}"
EndProject
Project("{8BC9CEB8-8B4A-11D0-8D11-00A0C91BC942}") = "DX12_FW", "DX12_FW.vcxproj", "{63670E49-1270-41C0-98E9-E8092E27BC6D}"
EndProject
Project("{8BC9CEB8-8B4A-11D0-8D11-00A0C91BC942}") = "01_TexMipGenCS", "Samples\Full_Framework\01_TexMipGenCS\01_TexMipGenCS.vcxproj", "{F8C63256-1361-4CC5-837D-D9C5CECD2888}"
EndProject
Project("{2150E333-8FDC-42A3-9474-1A3956D46DE8}") = "External", "External", "{BFCAE7D7-BD2F-43C5-91E0-B293116146BF}"
EndProject
Project("{8BC9CEB8-8B4A-11D0-8D11-00A0C91BC942}") = "DirectXTex", "External\DirectXTex\DirectXTex.vcxproj", "{3A1CBA4F-2831-4128-9CB2-8108661F3D00}"
EndProject
Project("{8BC9CEB8-8B4A-11D0-8D11-00A0C91BC942}") = "02_HDR_and_IMGUI", "Samples\Full_Framework\02_HDR_and_IMGUI\02_HDR_and_IMGUI.vcxproj", "{DF52B08B-A3FE-4C7D-B8AD-63086DC618B9}"
EndProject
Project("{8BC9CEB8-8B4A-11D0-8D11-00A0C91BC942}") = "assimp", "External\assimp-master\assimp.vcxproj", "{131AB021-0C89-3675-8258-2966B306A2E5}"
EndProject
Project("{2150E333-8FDC-42A3-9474-1A3956D46DE8}") = "ASSIMP", "ASSIMP", "{02EA681E-C7D8-13C7-8484-4AC65E1B71E8}"
EndProject
Project("{8BC9CEB8-8B4A-11D0-8D11-00A0C91BC942}") = "zlibstatic", "External\assimp-master\contrib\zlib\zlibstatic.vcxproj", "{3336C8C7-9D3C-30FE-B25D-F3D05F56A19F}"
EndProject
Project("{8BC9CEB8-8B4A-11D0-8D11-00A0C91BC942}") = "03_Assimp_MeshLoader", "Samples\Full_Framework\03_Assimp_MeshLoader\03_Assimp_MeshLoader.vcxproj", "{EEBC6E28-BF82-410F-BE78-912259C68347}"
EndProject
Project("{8BC9CEB8-8B4A-11D0-8D11-00A0C91BC942}") = "04_Deferred_Rendering", "Samples\Full_Framework\04_Deferred_Rendering\04_Deferred_Rendering.vcxproj", "{C5FCE7D8-BDB6-476F-912E-D956F71697C8}"
EndProject
Global
	GlobalSection(SolutionConfigurationPlatforms) = preSolution
		Debug|x64 = Debug|x64
		Debug|x86 = Debug|x86
		Release|x64 = Release|x64
		Release|x86 = Release|x86
	EndGlobalSection
	GlobalSection(ProjectConfigurationPlatforms) = postSolution
		{5B93379B-2ECC-4435-8C76-860CA5BC82E6}.Debug|x64.ActiveCfg = Debug|x64
		{5B93379B-2ECC-4435-8C76-860CA5BC82E6}.Debug|x64.Build.0 = Debug|x64
		{5B93379B-2ECC-4435-8C76-860CA5BC82E6}.Debug|x86.ActiveCfg = Debug|Win32
		{5B93379B-2ECC-4435-8C76-860CA5BC82E6}.Debug|x86.Build.0 = Debug|Win32
		{5B93379B-2ECC-4435-8C76-860CA5BC82E6}.Release|x64.ActiveCfg = Release|x64
		{5B93379B-2ECC-4435-8C76-860CA5BC82E6}.Release|x64.Build.0 = Release|x64
		{5B93379B-2ECC-4435-8C76-860CA5BC82E6}.Release|x86.ActiveCfg = Release|Win32
		{5B93379B-2ECC-4435-8C76-860CA5BC82E6}.Release|x86.Build.0 = Release|Win32
		{75718DCF-30D0-4C49-9956-7E3D4F9FE318}.Debug|x64.ActiveCfg = Debug|x64
		{75718DCF-30D0-4C49-9956-7E3D4F9FE318}.Debug|x64.Build.0 = Debug|x64
		{75718DCF-30D0-4C49-9956-7E3D4F9FE318}.Debug|x86.ActiveCfg = Debug|Win32
		{75718DCF-30D0-4C49-9956-7E3D4F9FE318}.Debug|x86.Build.0 = Debug|Win32
		{75718DCF-30D0-4C49-9956-7E3D4F9FE318}.Release|x64.ActiveCfg = Release|x64
		{75718DCF-30D0-4C49-9956-7E3D4F9FE318}.Release|x64.Build.0 = Release|x64
		{75718DCF-30D0-4C49-9956-7E3D4F9FE318}.Release|x86.ActiveCfg = Release|Win32
		{75718DCF-30D0-4C49-9956-7E3D4F9FE318}.Release|x86.Build.0 = Release|Win32
		{63670E49-1270-41C0-98E9-E8092E27BC6D}.Debug|x64.ActiveCfg = Debug|x64
		{63670E49-1270-41C0-98E9-E8092E27BC6D}.Debug|x64.Build.0 = Debug|x64
		{63670E49-1270-41C0-98E9-E8092E27BC6D}.Debug|x86.ActiveCfg = Debug|x64
		{63670E49-1270-41C0-98E9-E8092E27BC6D}.Debug|x86.Build.0 = Debug|x64
		{63670E49-1270-41C0-98E9-E8092E27BC6D}.Release|x64.ActiveCfg = Release|x64
		{63670E49-1270-41C0-98E9-E8092E27BC6D}.Release|x64.Build.0 = Release|x64
		{63670E49-1270-41C0-98E9-E8092E27BC6D}.Release|x86.ActiveCfg = Release|x64
		{63670E49-1270-41C0-98E9-E8092E27BC6D}.Release|x86.Build.0 = Release|x64
		{F8C63256-1361-4CC5-837D-D9C5CECD2888}.Debug|x64.ActiveCfg = Debug|x64
		{F8C63256-1361-4CC5-837D-D9C5CECD2888}.Debug|x64.Build.0 = Debug|x64
		{F8C63256-1361-4CC5-837D-D9C5CECD2888}.Debug|x86.ActiveCfg = Debug|Win32
		{F8C63256-1361-4CC5-837D-D9C5CECD2888}.Debug|x86.Build.0 = Debug|Win32
		{F8C63256-1361-4CC5-837D-D9C5CECD2888}.Release|x64.ActiveCfg = Release|x64
		{F8C63256-1361-4CC5-837D-D9C5CECD2888}.Release|x64.Build.0 = Release|x64
		{F8C63256-1361-4CC5-837D-D9C5CECD2888}.Release|x86.ActiveCfg = Release|Win32
		{F8C63256-1361-4CC5-837D-D9C5CECD2888}.Release|x86.Build.0 = Release|Win32
		{3A1CBA4F-2831-4128-9CB2-8108661F3D00}.Debug|x64.ActiveCfg = Debug|x64
		{3A1CBA4F-2831-4128-9CB2-8108661F3D00}.Debug|x64.Build.0 = Debug|x64
		{3A1CBA4F-2831-4128-9CB2-8108661F3D00}.Debug|x86.ActiveCfg = Debug|Win32
		{3A1CBA4F-2831-4128-9CB2-8108661F3D00}.Debug|x86.Build.0 = Debug|Win32
		{3A1CBA4F-2831-4128-9CB2-8108661F3D00}.Release|x64.ActiveCfg = Release|x64
		{3A1CBA4F-2831-4128-9CB2-8108661F3D00}.Release|x64.Build.0 = Release|x64
		{3A1CBA4F-2831-4128-9CB2-8108661F3D00}.Release|x86.ActiveCfg = Release|Win32
		{3A1CBA4F-2831-4128-9CB2-8108661F3D00}.Release|x86.Build.0 = Release|Win32
		{DF52B08B-A3FE-4C7D-B8AD-63086DC618B9}.Debug|x64.ActiveCfg = Debug|x64
		{DF52B08B-A3FE-4C7D-B8AD-63086DC618B9}.Debug|x64.Build.0 = Debug|x64
		{DF52B08B-A3FE-4C7D-B8AD-63086DC618B9}.Debug|x86.ActiveCfg = Debug|Win32
		{DF52B08B-A3FE-4C7D-B8AD-63086DC618B9}.Debug|x86.Build.0 = Debug|Win32
		{DF52B08B-A3FE-4C7D-B8AD-63086DC618B9}.Release|x64.ActiveCfg = Release|x64
		{DF52B08B-A3FE-4C7D-B8AD-63086DC618B9}.Release|x64.Build.0 = Release|x64
		{DF52B08B-A3FE-4C7D-B8AD-63086DC618B9}.Release|x86.ActiveCfg = Release|Win32
		{DF52B08B-A3FE-4C7D-B8AD-63086DC618B9}.Release|x86.Build.0 = Release|Win32
		{131AB021-0C89-3675-8258-2966B306A2E5}.Debug|x64.ActiveCfg = Debug|x64
		{131AB021-0C89-3675-8258-2966B306A2E5}.Debug|x64.Build.0 = Debug|x64
		{131AB021-0C89-3675-8258-2966B306A2E5}.Debug|x86.ActiveCfg = Debug|x64
		{131AB021-0C89-3675-8258-2966B306A2E5}.Debug|x86.Build.0 = Debug|x64
		{131AB021-0C89-3675-8258-2966B306A2E5}.Release|x64.ActiveCfg = Release|x64
		{131AB021-0C89-3675-8258-2966B306A2E5}.Release|x64.Build.0 = Release|x64
		{131AB021-0C89-3675-8258-2966B306A2E5}.Release|x86.ActiveCfg = Release|x64
		{131AB021-0C89-3675-8258-2966B306A2E5}.Release|x86.Build.0 = Release|x64
		{3336C8C7-9D3C-30FE-B25D-F3D05F56A19F}.Debug|x64.ActiveCfg = Debug|x64
		{3336C8C7-9D3C-30FE-B25D-F3D05F56A19F}.Debug|x64.Build.0 = Debug|x64
		{3336C8C7-9D3C-30FE-B25D-F3D05F56A19F}.Debug|x86.ActiveCfg = Debug|x64
		{3336C8C7-9D3C-30FE-B25D-F3D05F56A19F}.Debug|x86.Build.0 = Debug|x64
		{3336C8C7-9D3C-30FE-B25D-F3D05F56A19F}.Release|x64.ActiveCfg = Release|x64
		{3336C8C7-9D3C-30FE-B25D-F3D05F56A19F}.Release|x64.Build.0 = Release|x64
		{3336C8C7-9D3C-30FE-B25D-F3D05F56A19F}.Release|x86.ActiveCfg = Release|x64
		{3336C8C7-9D3C-30FE-B25D-F3D05F56A19F}.Release|x86.Build.0 = Release|x64
		{EEBC6E28-BF82-410F-BE78-912259C68347}.Debug|x64.ActiveCfg = Debug|x64
		{EEBC6E28-BF82-410F-BE78-912259C68347}.Debug|x64.Build.0 = Debug|x64
		{EEBC6E28-BF82-410F-BE78-912259C68347}.Debug|x86.ActiveCfg = Debug|Win32
		{EEBC6E28-BF82-410F-BE78-912259C68347}.Debug|x86.Build.0 = Debug|Win32
		{EEBC6E28-BF82-410F-BE78-912259C68347}.Release|x64.ActiveCfg = Release|x64
		{EEBC6E28-BF82-410F-BE78-912259C68347}.Release|x64.Build.0 = Release|x64
		{EEBC6E28-BF82-410F-BE78-912259C68347}.Release|x86.ActiveCfg = Release|Win32
		{EEBC6E28-BF82-410F-BE78-912259C68347}.Release|x86.Build.0 = Release|Win32
		{C5FCE7D8-BDB6-476F-912E-D956F71697C8}.Debug|x64.ActiveCfg = Debug|x64
		{C5FCE7D8-BDB6-476F-912E-D956F71697C8}.Debug|x64.Build.0 = Debug|x64
		{C5FCE7D8-BDB6-476F-912E-D956F71697C8}.Debug|x86.ActiveCfg = Debug|Win32
		{C5FCE7D8-BDB6-476F-912E-D956F71697C8}.Debug|x86.Build.0 = Debug|Win32
		{C5FCE7D8-BDB6-476F-912E-D956F71697C8}.Release|x64.ActiveCfg = Release|x64
		{C5FCE7D8-BDB6-476F-912E-D956F71697C8}.Release|x64.Build.0 = Release|x64
		{C5FCE7D8-BDB6-476F-912E-D956F71697C8}.Release|x86.ActiveCfg = Release|Win32
		{C5FCE7D8-BDB6-476F-912E-D956F71697C8}.Release|x86.Build.0 = Release|Win32
	EndGlobalSection
	GlobalSection(SolutionProperties) = preSolution
		HideSolutionNode = FALSE
	EndGlobalSection
	GlobalSection(NestedProjects) = preSolution
		{2D907E40-E309-44FC-BD2E-1F95C7DA1305} = {9E23556B-A805-412F-A4DC-04F8C80A233A}
		{B89BA7C3-47EE-48A8-898E-375D0BBB4F29} = {9E23556B-A805-412F-A4DC-04F8C80A233A}
		{5B93379B-2ECC-4435-8C76-860CA5BC82E6} = {2D907E40-E309-44FC-BD2E-1F95C7DA1305}
		{75718DCF-30D0-4C49-9956-7E3D4F9FE318} = {B89BA7C3-47EE-48A8-898E-375D0BBB4F29}
		{F8C63256-1361-4CC5-837D-D9C5CECD2888} = {B89BA7C3-47EE-48A8-898E-375D0BBB4F29}
		{3A1CBA4F-2831-4128-9CB2-8108661F3D00} = {BFCAE7D7-BD2F-43C5-91E0-B293116146BF}
		{DF52B08B-A3FE-4C7D-B8AD-63086DC618B9} = {B89BA7C3-47EE-48A8-898E-375D0BBB4F29}
		{131AB021-0C89-3675-8258-2966B306A2E5} = {02EA681E-C7D8-13C7-8484-4AC65E1B71E8}
		{02EA681E-C7D8-13C7-8484-4AC65E1B71E8} = {BFCAE7D7-BD2F-43C5-91E0-B293116146BF}
		{3336C8C7-9D3C-30FE-B25D-F3D05F56A19F} = {02EA681E-C7D8-13C7-8484-4AC65E1B71E8}
		{EEBC6E28-BF82-410F-BE78-912259C68347} = {B89BA7C3-47EE-48A8-898E-375D0BBB4F29}
		{C5FCE7D8-BDB6-476F-912E-D956F71697C8} = {B89BA7C3-47EE-48A8-898E-375D0BBB4F29}
	EndGlobalSection
	GlobalSection(ExtensibilityGlobals) = postSolution
		SolutionGuid = {ACDB5BE7-3E35-45A9-8E7A-A65CDACEBA86}
	EndGlobalSection
EndGlobal
