
Microsoft Visual Studio Solution File, Format Version 12.00
# Visual Studio Version 17
VisualStudioVersion = 17.10.35013.160
MinimumVisualStudioVersion = 10.0.40219.1
Project("{8BC9CEB8-8B4A-11D0-8D11-00A0C91BC942}") = "DX12_FW", "MyTestSample_DX12.vcxproj", "{63670E49-1270-41C0-98E9-E8092E27BC6D}"
EndProject
Project("{2150E333-8FDC-42A3-9474-1A3956D46DE8}") = "Samples", "Samples", "{9E23556B-A805-412F-A4DC-04F8C80A233A}"
EndProject
Project("{2150E333-8FDC-42A3-9474-1A3956D46DE8}") = "SImple_Framework", "SImple_Framework", "{2D907E40-E309-44FC-BD2E-1F95C7DA1305}"
EndProject
Project("{2150E333-8FDC-42A3-9474-1A3956D46DE8}") = "Full_Framework", "Full_Framework", "{B89BA7C3-47EE-48A8-898E-375D0BBB4F29}"
EndProject
Project("{8BC9CEB8-8B4A-11D0-8D11-00A0C91BC942}") = "00_Cube", "Samples\Simple_Framework\00_Cube\00_Cube.vcxproj", "{5B93379B-2ECC-4435-8C76-860CA5BC82E6}"
EndProject
Project("{8BC9CEB8-8B4A-11D0-8D11-00A0C91BC942}") = "01_Cube__FrameworkFull", "Samples\Full_Framework\00_Cube__DescHeap_DecAllocator_StateTrack\00_Cube__DescHeap_DecAllocator_StateTrack.vcxproj", "{75718DCF-30D0-4C49-9956-7E3D4F9FE318}"
EndProject
Global
	GlobalSection(SolutionConfigurationPlatforms) = preSolution
		Debug|x64 = Debug|x64
		Debug|x86 = Debug|x86
		Release|x64 = Release|x64
		Release|x86 = Release|x86
	EndGlobalSection
	GlobalSection(ProjectConfigurationPlatforms) = postSolution
		{63670E49-1270-41C0-98E9-E8092E27BC6D}.Debug|x64.ActiveCfg = Debug|x64
		{63670E49-1270-41C0-98E9-E8092E27BC6D}.Debug|x64.Build.0 = Debug|x64
		{63670E49-1270-41C0-98E9-E8092E27BC6D}.Debug|x86.ActiveCfg = Debug|x64
		{63670E49-1270-41C0-98E9-E8092E27BC6D}.Debug|x86.Build.0 = Debug|x64
		{63670E49-1270-41C0-98E9-E8092E27BC6D}.Release|x64.ActiveCfg = Release|x64
		{63670E49-1270-41C0-98E9-E8092E27BC6D}.Release|x64.Build.0 = Release|x64
		{63670E49-1270-41C0-98E9-E8092E27BC6D}.Release|x86.ActiveCfg = Release|x64
		{63670E49-1270-41C0-98E9-E8092E27BC6D}.Release|x86.Build.0 = Release|x64
		{5B93379B-2ECC-4435-8C76-860CA5BC82E6}.Debug|x64.ActiveCfg = Debug|x64
		{5B93379B-2ECC-4435-8C76-860CA5BC82E6}.Debug|x64.Build.0 = Debug|x64
		{5B93379B-2ECC-4435-8C76-860CA5BC82E6}.Debug|x86.ActiveCfg = Debug|Win32
		{5B93379B-2ECC-4435-8C76-860CA5BC82E6}.Debug|x86.Build.0 = Debug|Win32
		{5B93379B-2ECC-4435-8C76-860CA5BC82E6}.Release|x64.ActiveCfg = Release|x64
		{5B93379B-2ECC-4435-8C76-860CA5BC82E6}.Release|x64.Build.0 = Release|x64
		{5B93379B-2ECC-4435-8C76-860CA5BC82E6}.Release|x86.ActiveCfg = Release|Win32
		{5B93379B-2ECC-4435-8C76-860CA5BC82E6}.Release|x86.Build.0 = Release|Win32
		{75718DCF-30D0-4C49-9956-7E3D4F9FE318}.Debug|x64.ActiveCfg = Debug|x64
		{75718DCF-30D0-4C49-9956-7E3D4F9FE318}.Debug|x64.Build.0 = Debug|x64
		{75718DCF-30D0-4C49-9956-7E3D4F9FE318}.Debug|x86.ActiveCfg = Debug|Win32
		{75718DCF-30D0-4C49-9956-7E3D4F9FE318}.Debug|x86.Build.0 = Debug|Win32
		{75718DCF-30D0-4C49-9956-7E3D4F9FE318}.Release|x64.ActiveCfg = Release|x64
		{75718DCF-30D0-4C49-9956-7E3D4F9FE318}.Release|x64.Build.0 = Release|x64
		{75718DCF-30D0-4C49-9956-7E3D4F9FE318}.Release|x86.ActiveCfg = Release|Win32
		{75718DCF-30D0-4C49-9956-7E3D4F9FE318}.Release|x86.Build.0 = Release|Win32
	EndGlobalSection
	GlobalSection(SolutionProperties) = preSolution
		HideSolutionNode = FALSE
	EndGlobalSection
	GlobalSection(NestedProjects) = preSolution
		{2D907E40-E309-44FC-BD2E-1F95C7DA1305} = {9E23556B-A805-412F-A4DC-04F8C80A233A}
		{B89BA7C3-47EE-48A8-898E-375D0BBB4F29} = {9E23556B-A805-412F-A4DC-04F8C80A233A}
		{5B93379B-2ECC-4435-8C76-860CA5BC82E6} = {2D907E40-E309-44FC-BD2E-1F95C7DA1305}
		{75718DCF-30D0-4C49-9956-7E3D4F9FE318} = {B89BA7C3-47EE-48A8-898E-375D0BBB4F29}
	EndGlobalSection
	GlobalSection(ExtensibilityGlobals) = postSolution
		SolutionGuid = {ACDB5BE7-3E35-45A9-8E7A-A65CDACEBA86}
	EndGlobalSection
EndGlobal
