<?xml version="1.0" encoding="utf-8"?>
<Project ToolsVersion="Current" xmlns="http://schemas.microsoft.com/developer/msbuild/2003">
  <ItemGroup>
    <FxCompile Include="Shaders\PixelShader.hlsl">
      <Filter>Shaders</Filter>
    </FxCompile>
    <FxCompile Include="Shaders\VertexShader.hlsl">
      <Filter>Shaders</Filter>
    </FxCompile>
  </ItemGroup>
  <ItemGroup>
    <ClCompile Include="Src\main.cpp">
      <Filter>Src</Filter>
    </ClCompile>
    <ClCompile Include="Src\Camera.cpp">
      <Filter>Src</Filter>
    </ClCompile>
    <ClCompile Include="Src\Light.cpp">
      <Filter>Src</Filter>
    </ClCompile>
    <ClCompile Include="Src\Material.cpp">
      <Filter>Src</Filter>
    </ClCompile>
    <ClCompile Include="Src\Sample1.cpp">
      <Filter>Src</Filter>
    </ClCompile>
  </ItemGroup>
  <ItemGroup>
    <Filter Include="Src">
      <UniqueIdentifier>{3eb5995a-ee6c-485e-9aaa-5202cadc6df6}</UniqueIdentifier>
    </Filter>
    <Filter Include="Shaders">
      <UniqueIdentifier>{af5331cc-eb57-40f7-b7ca-84f64a2c3487}</UniqueIdentifier>
    </Filter>
  </ItemGroup>
  <ItemGroup>
    <ClInclude Include="Src\Camera.h">
      <Filter>Src</Filter>
    </ClInclude>
    <ClInclude Include="Src\Light.h">
      <Filter>Src</Filter>
    </ClInclude>
    <ClInclude Include="Src\Material.h">
      <Filter>Src</Filter>
    </ClInclude>
    <ClInclude Include="Src\Sample1.h">
      <Filter>Src</Filter>
    </ClInclude>
  </ItemGroup>
</Project>